
Microsoft Visual Studio Solution File, Format Version 12.00
# Visual Studio 15
VisualStudioVersion = 15.0.27428.2043
MinimumVisualStudioVersion = 10.0.40219.1
Project("{8BC9CEB8-8B4A-11D0-8D11-00A0C91BC942}") = "00.Test", "00.Test\00.Test.vcxproj", "{EF0A73CF-17E8-41EF-8DFC-706C36433EE4}"
EndProject
Project("{8BC9CEB8-8B4A-11D0-8D11-00A0C91BC942}") = "01.C Programs 101", "01.C Programs 101\01.C Programs 101.vcxproj", "{BE70A4DF-172F-4C6E-B983-42BB0E9B50A1}"
EndProject
Project("{8BC9CEB8-8B4A-11D0-8D11-00A0C91BC942}") = "01.C Programs 102", "01.C Programs 102\01.C Programs 102.vcxproj", "{71BDE63F-2DA9-4A73-814A-63DD5C04B9D6}"
EndProject
Project("{8BC9CEB8-8B4A-11D0-8D11-00A0C91BC942}") = "01.C Programs 201", "01.C Programs 201\01.C Programs 201.vcxproj", "{7AA352BB-E294-48E7-9EC5-32E8CC972E12}"
EndProject
Project("{8BC9CEB8-8B4A-11D0-8D11-00A0C91BC942}") = "01.C Programs 202", "01.C Programs 202\01.C Programs 202.vcxproj", "{520BBBCD-3C47-4294-8B80-F11A7E7645BA}"
EndProject
Project("{8BC9CEB8-8B4A-11D0-8D11-00A0C91BC942}") = "01.C Programs 301", "01.C Programs 301\01.C Programs 301.vcxproj", "{811BBE90-24FF-4622-A1AE-27E6CFB2079B}"
EndProject
Project("{8BC9CEB8-8B4A-11D0-8D11-00A0C91BC942}") = "01.C Programs 302", "01.C Programs 302\01.C Programs 302.vcxproj", "{DF7359D9-D91D-42A6-AA4B-EA7B7FA17140}"
EndProject
Project("{8BC9CEB8-8B4A-11D0-8D11-00A0C91BC942}") = "01.C Programs 303", "01.C Programs 303\01.C Programs 303.vcxproj", "{CA93D615-404E-4238-9A39-53922BCD32D1}"
EndProject
Project("{8BC9CEB8-8B4A-11D0-8D11-00A0C91BC942}") = "01.C Programs 304", "01.C Programs 304\01.C Programs 304.vcxproj", "{311054DA-78CC-4694-8AE9-F73A509AAE5E}"
EndProject
Project("{8BC9CEB8-8B4A-11D0-8D11-00A0C91BC942}") = "01.C Programs 401", "01.C Programs 401\01.C Programs 401.vcxproj", "{96C67574-14A1-40E0-B5A9-F83F2CFD09A1}"
EndProject
Project("{8BC9CEB8-8B4A-11D0-8D11-00A0C91BC942}") = "01.C Programs 402", "01.C Programs 402\01.C Programs 402.vcxproj", "{862C05A4-F03A-4FE6-8FE4-13F7779E0D3C}"
EndProject
Project("{8BC9CEB8-8B4A-11D0-8D11-00A0C91BC942}") = "01.C Programs 403", "01.C Programs 403\01.C Programs 403.vcxproj", "{8C9D97FB-7D2F-465E-BE5D-EA7FC9C17B73}"
EndProject
Project("{8BC9CEB8-8B4A-11D0-8D11-00A0C91BC942}") = "01.C Programs 404", "01.C Programs 404\01.C Programs 404.vcxproj", "{127418F8-C0C1-4345-80B4-3574762DFCD4}"
EndProject
Project("{8BC9CEB8-8B4A-11D0-8D11-00A0C91BC942}") = "01.C Programs 501", "01.C Programs 501\01.C Programs 501.vcxproj", "{A9253FF7-3674-410D-BD4B-B307ED41596C}"
EndProject
Project("{8BC9CEB8-8B4A-11D0-8D11-00A0C91BC942}") = "01.C Programs 502", "01.C Programs 502\01.C Programs 502.vcxproj", "{C94E6B13-73F6-40C3-A14E-B07EAD6BE03B}"
EndProject
Project("{8BC9CEB8-8B4A-11D0-8D11-00A0C91BC942}") = "01.C Programs 601", "01.C Programs 601\01.C Programs 601.vcxproj", "{31194F58-C40F-48C5-92E1-B68C30369920}"
EndProject
Project("{8BC9CEB8-8B4A-11D0-8D11-00A0C91BC942}") = "01.C Programs 602", "01.C Programs 602\01.C Programs 602.vcxproj", "{BD43EA72-282D-46CF-923E-4FB7FD0368B8}"
EndProject
Project("{8BC9CEB8-8B4A-11D0-8D11-00A0C91BC942}") = "01.C Programs 801", "01.C Programs 801\01.C Programs 801.vcxproj", "{A08F4987-D47F-4FA7-A6DD-18B06D7B26AE}"
EndProject
Project("{8BC9CEB8-8B4A-11D0-8D11-00A0C91BC942}") = "01.C Programs 701", "01.C Programs 701\01.C Programs 701.vcxproj", "{12100DB3-5017-437D-964D-12BB79C8D826}"
EndProject
Project("{8BC9CEB8-8B4A-11D0-8D11-00A0C91BC942}") = "01.C Programs 802", "01.C Programs 802\01.C Programs 802.vcxproj", "{4931AF6D-D557-4464-AC00-2AD3A4779BB9}"
EndProject
Project("{8BC9CEB8-8B4A-11D0-8D11-00A0C91BC942}") = "01.C Programs 702", "01.C Programs 702\01.C Programs 702.vcxproj", "{FB238750-7F04-414E-A43C-A4304D253A6C}"
EndProject
Project("{8BC9CEB8-8B4A-11D0-8D11-00A0C91BC942}") = "02.Operating System 201", "02.Operating System 201\02.Operating System 201.vcxproj", "{67C90A69-D450-4869-AB6E-DAB802D14402}"
EndProject
Global
	GlobalSection(SolutionConfigurationPlatforms) = preSolution
		Debug|x64 = Debug|x64
		Debug|x86 = Debug|x86
		Release|x64 = Release|x64
		Release|x86 = Release|x86
	EndGlobalSection
	GlobalSection(ProjectConfigurationPlatforms) = postSolution
		{EF0A73CF-17E8-41EF-8DFC-706C36433EE4}.Debug|x64.ActiveCfg = Debug|x64
		{EF0A73CF-17E8-41EF-8DFC-706C36433EE4}.Debug|x64.Build.0 = Debug|x64
		{EF0A73CF-17E8-41EF-8DFC-706C36433EE4}.Debug|x86.ActiveCfg = Debug|Win32
		{EF0A73CF-17E8-41EF-8DFC-706C36433EE4}.Debug|x86.Build.0 = Debug|Win32
		{EF0A73CF-17E8-41EF-8DFC-706C36433EE4}.Release|x64.ActiveCfg = Release|x64
		{EF0A73CF-17E8-41EF-8DFC-706C36433EE4}.Release|x64.Build.0 = Release|x64
		{EF0A73CF-17E8-41EF-8DFC-706C36433EE4}.Release|x86.ActiveCfg = Release|Win32
		{EF0A73CF-17E8-41EF-8DFC-706C36433EE4}.Release|x86.Build.0 = Release|Win32
		{BE70A4DF-172F-4C6E-B983-42BB0E9B50A1}.Debug|x64.ActiveCfg = Debug|x64
		{BE70A4DF-172F-4C6E-B983-42BB0E9B50A1}.Debug|x64.Build.0 = Debug|x64
		{BE70A4DF-172F-4C6E-B983-42BB0E9B50A1}.Debug|x86.ActiveCfg = Debug|Win32
		{BE70A4DF-172F-4C6E-B983-42BB0E9B50A1}.Debug|x86.Build.0 = Debug|Win32
		{BE70A4DF-172F-4C6E-B983-42BB0E9B50A1}.Release|x64.ActiveCfg = Release|x64
		{BE70A4DF-172F-4C6E-B983-42BB0E9B50A1}.Release|x64.Build.0 = Release|x64
		{BE70A4DF-172F-4C6E-B983-42BB0E9B50A1}.Release|x86.ActiveCfg = Release|Win32
		{BE70A4DF-172F-4C6E-B983-42BB0E9B50A1}.Release|x86.Build.0 = Release|Win32
		{71BDE63F-2DA9-4A73-814A-63DD5C04B9D6}.Debug|x64.ActiveCfg = Debug|x64
		{71BDE63F-2DA9-4A73-814A-63DD5C04B9D6}.Debug|x64.Build.0 = Debug|x64
		{71BDE63F-2DA9-4A73-814A-63DD5C04B9D6}.Debug|x86.ActiveCfg = Debug|Win32
		{71BDE63F-2DA9-4A73-814A-63DD5C04B9D6}.Debug|x86.Build.0 = Debug|Win32
		{71BDE63F-2DA9-4A73-814A-63DD5C04B9D6}.Release|x64.ActiveCfg = Release|x64
		{71BDE63F-2DA9-4A73-814A-63DD5C04B9D6}.Release|x64.Build.0 = Release|x64
		{71BDE63F-2DA9-4A73-814A-63DD5C04B9D6}.Release|x86.ActiveCfg = Release|Win32
		{71BDE63F-2DA9-4A73-814A-63DD5C04B9D6}.Release|x86.Build.0 = Release|Win32
		{7AA352BB-E294-48E7-9EC5-32E8CC972E12}.Debug|x64.ActiveCfg = Debug|x64
		{7AA352BB-E294-48E7-9EC5-32E8CC972E12}.Debug|x64.Build.0 = Debug|x64
		{7AA352BB-E294-48E7-9EC5-32E8CC972E12}.Debug|x86.ActiveCfg = Debug|Win32
		{7AA352BB-E294-48E7-9EC5-32E8CC972E12}.Debug|x86.Build.0 = Debug|Win32
		{7AA352BB-E294-48E7-9EC5-32E8CC972E12}.Release|x64.ActiveCfg = Release|x64
		{7AA352BB-E294-48E7-9EC5-32E8CC972E12}.Release|x64.Build.0 = Release|x64
		{7AA352BB-E294-48E7-9EC5-32E8CC972E12}.Release|x86.ActiveCfg = Release|Win32
		{7AA352BB-E294-48E7-9EC5-32E8CC972E12}.Release|x86.Build.0 = Release|Win32
		{520BBBCD-3C47-4294-8B80-F11A7E7645BA}.Debug|x64.ActiveCfg = Debug|x64
		{520BBBCD-3C47-4294-8B80-F11A7E7645BA}.Debug|x64.Build.0 = Debug|x64
		{520BBBCD-3C47-4294-8B80-F11A7E7645BA}.Debug|x86.ActiveCfg = Debug|Win32
		{520BBBCD-3C47-4294-8B80-F11A7E7645BA}.Debug|x86.Build.0 = Debug|Win32
		{520BBBCD-3C47-4294-8B80-F11A7E7645BA}.Release|x64.ActiveCfg = Release|x64
		{520BBBCD-3C47-4294-8B80-F11A7E7645BA}.Release|x64.Build.0 = Release|x64
		{520BBBCD-3C47-4294-8B80-F11A7E7645BA}.Release|x86.ActiveCfg = Release|Win32
		{520BBBCD-3C47-4294-8B80-F11A7E7645BA}.Release|x86.Build.0 = Release|Win32
		{811BBE90-24FF-4622-A1AE-27E6CFB2079B}.Debug|x64.ActiveCfg = Debug|x64
		{811BBE90-24FF-4622-A1AE-27E6CFB2079B}.Debug|x64.Build.0 = Debug|x64
		{811BBE90-24FF-4622-A1AE-27E6CFB2079B}.Debug|x86.ActiveCfg = Debug|Win32
		{811BBE90-24FF-4622-A1AE-27E6CFB2079B}.Debug|x86.Build.0 = Debug|Win32
		{811BBE90-24FF-4622-A1AE-27E6CFB2079B}.Release|x64.ActiveCfg = Release|x64
		{811BBE90-24FF-4622-A1AE-27E6CFB2079B}.Release|x64.Build.0 = Release|x64
		{811BBE90-24FF-4622-A1AE-27E6CFB2079B}.Release|x86.ActiveCfg = Release|Win32
		{811BBE90-24FF-4622-A1AE-27E6CFB2079B}.Release|x86.Build.0 = Release|Win32
		{DF7359D9-D91D-42A6-AA4B-EA7B7FA17140}.Debug|x64.ActiveCfg = Debug|x64
		{DF7359D9-D91D-42A6-AA4B-EA7B7FA17140}.Debug|x64.Build.0 = Debug|x64
		{DF7359D9-D91D-42A6-AA4B-EA7B7FA17140}.Debug|x86.ActiveCfg = Debug|Win32
		{DF7359D9-D91D-42A6-AA4B-EA7B7FA17140}.Debug|x86.Build.0 = Debug|Win32
		{DF7359D9-D91D-42A6-AA4B-EA7B7FA17140}.Release|x64.ActiveCfg = Release|x64
		{DF7359D9-D91D-42A6-AA4B-EA7B7FA17140}.Release|x64.Build.0 = Release|x64
		{DF7359D9-D91D-42A6-AA4B-EA7B7FA17140}.Release|x86.ActiveCfg = Release|Win32
		{DF7359D9-D91D-42A6-AA4B-EA7B7FA17140}.Release|x86.Build.0 = Release|Win32
		{CA93D615-404E-4238-9A39-53922BCD32D1}.Debug|x64.ActiveCfg = Debug|x64
		{CA93D615-404E-4238-9A39-53922BCD32D1}.Debug|x64.Build.0 = Debug|x64
		{CA93D615-404E-4238-9A39-53922BCD32D1}.Debug|x86.ActiveCfg = Debug|Win32
		{CA93D615-404E-4238-9A39-53922BCD32D1}.Debug|x86.Build.0 = Debug|Win32
		{CA93D615-404E-4238-9A39-53922BCD32D1}.Release|x64.ActiveCfg = Release|x64
		{CA93D615-404E-4238-9A39-53922BCD32D1}.Release|x64.Build.0 = Release|x64
		{CA93D615-404E-4238-9A39-53922BCD32D1}.Release|x86.ActiveCfg = Release|Win32
		{CA93D615-404E-4238-9A39-53922BCD32D1}.Release|x86.Build.0 = Release|Win32
		{311054DA-78CC-4694-8AE9-F73A509AAE5E}.Debug|x64.ActiveCfg = Debug|x64
		{311054DA-78CC-4694-8AE9-F73A509AAE5E}.Debug|x64.Build.0 = Debug|x64
		{311054DA-78CC-4694-8AE9-F73A509AAE5E}.Debug|x86.ActiveCfg = Debug|Win32
		{311054DA-78CC-4694-8AE9-F73A509AAE5E}.Debug|x86.Build.0 = Debug|Win32
		{311054DA-78CC-4694-8AE9-F73A509AAE5E}.Release|x64.ActiveCfg = Release|x64
		{311054DA-78CC-4694-8AE9-F73A509AAE5E}.Release|x64.Build.0 = Release|x64
		{311054DA-78CC-4694-8AE9-F73A509AAE5E}.Release|x86.ActiveCfg = Release|Win32
		{311054DA-78CC-4694-8AE9-F73A509AAE5E}.Release|x86.Build.0 = Release|Win32
		{96C67574-14A1-40E0-B5A9-F83F2CFD09A1}.Debug|x64.ActiveCfg = Debug|x64
		{96C67574-14A1-40E0-B5A9-F83F2CFD09A1}.Debug|x64.Build.0 = Debug|x64
		{96C67574-14A1-40E0-B5A9-F83F2CFD09A1}.Debug|x86.ActiveCfg = Debug|Win32
		{96C67574-14A1-40E0-B5A9-F83F2CFD09A1}.Debug|x86.Build.0 = Debug|Win32
		{96C67574-14A1-40E0-B5A9-F83F2CFD09A1}.Release|x64.ActiveCfg = Release|x64
		{96C67574-14A1-40E0-B5A9-F83F2CFD09A1}.Release|x64.Build.0 = Release|x64
		{96C67574-14A1-40E0-B5A9-F83F2CFD09A1}.Release|x86.ActiveCfg = Release|Win32
		{96C67574-14A1-40E0-B5A9-F83F2CFD09A1}.Release|x86.Build.0 = Release|Win32
		{862C05A4-F03A-4FE6-8FE4-13F7779E0D3C}.Debug|x64.ActiveCfg = Debug|x64
		{862C05A4-F03A-4FE6-8FE4-13F7779E0D3C}.Debug|x64.Build.0 = Debug|x64
		{862C05A4-F03A-4FE6-8FE4-13F7779E0D3C}.Debug|x86.ActiveCfg = Debug|Win32
		{862C05A4-F03A-4FE6-8FE4-13F7779E0D3C}.Debug|x86.Build.0 = Debug|Win32
		{862C05A4-F03A-4FE6-8FE4-13F7779E0D3C}.Release|x64.ActiveCfg = Release|x64
		{862C05A4-F03A-4FE6-8FE4-13F7779E0D3C}.Release|x64.Build.0 = Release|x64
		{862C05A4-F03A-4FE6-8FE4-13F7779E0D3C}.Release|x86.ActiveCfg = Release|Win32
		{862C05A4-F03A-4FE6-8FE4-13F7779E0D3C}.Release|x86.Build.0 = Release|Win32
		{8C9D97FB-7D2F-465E-BE5D-EA7FC9C17B73}.Debug|x64.ActiveCfg = Debug|x64
		{8C9D97FB-7D2F-465E-BE5D-EA7FC9C17B73}.Debug|x64.Build.0 = Debug|x64
		{8C9D97FB-7D2F-465E-BE5D-EA7FC9C17B73}.Debug|x86.ActiveCfg = Debug|Win32
		{8C9D97FB-7D2F-465E-BE5D-EA7FC9C17B73}.Debug|x86.Build.0 = Debug|Win32
		{8C9D97FB-7D2F-465E-BE5D-EA7FC9C17B73}.Release|x64.ActiveCfg = Release|x64
		{8C9D97FB-7D2F-465E-BE5D-EA7FC9C17B73}.Release|x64.Build.0 = Release|x64
		{8C9D97FB-7D2F-465E-BE5D-EA7FC9C17B73}.Release|x86.ActiveCfg = Release|Win32
		{8C9D97FB-7D2F-465E-BE5D-EA7FC9C17B73}.Release|x86.Build.0 = Release|Win32
		{127418F8-C0C1-4345-80B4-3574762DFCD4}.Debug|x64.ActiveCfg = Debug|x64
		{127418F8-C0C1-4345-80B4-3574762DFCD4}.Debug|x64.Build.0 = Debug|x64
		{127418F8-C0C1-4345-80B4-3574762DFCD4}.Debug|x86.ActiveCfg = Debug|Win32
		{127418F8-C0C1-4345-80B4-3574762DFCD4}.Debug|x86.Build.0 = Debug|Win32
		{127418F8-C0C1-4345-80B4-3574762DFCD4}.Release|x64.ActiveCfg = Release|x64
		{127418F8-C0C1-4345-80B4-3574762DFCD4}.Release|x64.Build.0 = Release|x64
		{127418F8-C0C1-4345-80B4-3574762DFCD4}.Release|x86.ActiveCfg = Release|Win32
		{127418F8-C0C1-4345-80B4-3574762DFCD4}.Release|x86.Build.0 = Release|Win32
		{A9253FF7-3674-410D-BD4B-B307ED41596C}.Debug|x64.ActiveCfg = Debug|x64
		{A9253FF7-3674-410D-BD4B-B307ED41596C}.Debug|x64.Build.0 = Debug|x64
		{A9253FF7-3674-410D-BD4B-B307ED41596C}.Debug|x86.ActiveCfg = Debug|Win32
		{A9253FF7-3674-410D-BD4B-B307ED41596C}.Debug|x86.Build.0 = Debug|Win32
		{A9253FF7-3674-410D-BD4B-B307ED41596C}.Release|x64.ActiveCfg = Release|x64
		{A9253FF7-3674-410D-BD4B-B307ED41596C}.Release|x64.Build.0 = Release|x64
		{A9253FF7-3674-410D-BD4B-B307ED41596C}.Release|x86.ActiveCfg = Release|Win32
		{A9253FF7-3674-410D-BD4B-B307ED41596C}.Release|x86.Build.0 = Release|Win32
		{C94E6B13-73F6-40C3-A14E-B07EAD6BE03B}.Debug|x64.ActiveCfg = Debug|x64
		{C94E6B13-73F6-40C3-A14E-B07EAD6BE03B}.Debug|x64.Build.0 = Debug|x64
		{C94E6B13-73F6-40C3-A14E-B07EAD6BE03B}.Debug|x86.ActiveCfg = Debug|Win32
		{C94E6B13-73F6-40C3-A14E-B07EAD6BE03B}.Debug|x86.Build.0 = Debug|Win32
		{C94E6B13-73F6-40C3-A14E-B07EAD6BE03B}.Release|x64.ActiveCfg = Release|x64
		{C94E6B13-73F6-40C3-A14E-B07EAD6BE03B}.Release|x64.Build.0 = Release|x64
		{C94E6B13-73F6-40C3-A14E-B07EAD6BE03B}.Release|x86.ActiveCfg = Release|Win32
		{C94E6B13-73F6-40C3-A14E-B07EAD6BE03B}.Release|x86.Build.0 = Release|Win32
		{31194F58-C40F-48C5-92E1-B68C30369920}.Debug|x64.ActiveCfg = Debug|x64
		{31194F58-C40F-48C5-92E1-B68C30369920}.Debug|x64.Build.0 = Debug|x64
		{31194F58-C40F-48C5-92E1-B68C30369920}.Debug|x86.ActiveCfg = Debug|Win32
		{31194F58-C40F-48C5-92E1-B68C30369920}.Debug|x86.Build.0 = Debug|Win32
		{31194F58-C40F-48C5-92E1-B68C30369920}.Release|x64.ActiveCfg = Release|x64
		{31194F58-C40F-48C5-92E1-B68C30369920}.Release|x64.Build.0 = Release|x64
		{31194F58-C40F-48C5-92E1-B68C30369920}.Release|x86.ActiveCfg = Release|Win32
		{31194F58-C40F-48C5-92E1-B68C30369920}.Release|x86.Build.0 = Release|Win32
		{BD43EA72-282D-46CF-923E-4FB7FD0368B8}.Debug|x64.ActiveCfg = Debug|x64
		{BD43EA72-282D-46CF-923E-4FB7FD0368B8}.Debug|x64.Build.0 = Debug|x64
		{BD43EA72-282D-46CF-923E-4FB7FD0368B8}.Debug|x86.ActiveCfg = Debug|Win32
		{BD43EA72-282D-46CF-923E-4FB7FD0368B8}.Debug|x86.Build.0 = Debug|Win32
		{BD43EA72-282D-46CF-923E-4FB7FD0368B8}.Release|x64.ActiveCfg = Release|x64
		{BD43EA72-282D-46CF-923E-4FB7FD0368B8}.Release|x64.Build.0 = Release|x64
		{BD43EA72-282D-46CF-923E-4FB7FD0368B8}.Release|x86.ActiveCfg = Release|Win32
		{BD43EA72-282D-46CF-923E-4FB7FD0368B8}.Release|x86.Build.0 = Release|Win32
		{A08F4987-D47F-4FA7-A6DD-18B06D7B26AE}.Debug|x64.ActiveCfg = Debug|x64
		{A08F4987-D47F-4FA7-A6DD-18B06D7B26AE}.Debug|x64.Build.0 = Debug|x64
		{A08F4987-D47F-4FA7-A6DD-18B06D7B26AE}.Debug|x86.ActiveCfg = Debug|Win32
		{A08F4987-D47F-4FA7-A6DD-18B06D7B26AE}.Debug|x86.Build.0 = Debug|Win32
		{A08F4987-D47F-4FA7-A6DD-18B06D7B26AE}.Release|x64.ActiveCfg = Release|x64
		{A08F4987-D47F-4FA7-A6DD-18B06D7B26AE}.Release|x64.Build.0 = Release|x64
		{A08F4987-D47F-4FA7-A6DD-18B06D7B26AE}.Release|x86.ActiveCfg = Release|Win32
		{A08F4987-D47F-4FA7-A6DD-18B06D7B26AE}.Release|x86.Build.0 = Release|Win32
		{12100DB3-5017-437D-964D-12BB79C8D826}.Debug|x64.ActiveCfg = Debug|x64
		{12100DB3-5017-437D-964D-12BB79C8D826}.Debug|x64.Build.0 = Debug|x64
		{12100DB3-5017-437D-964D-12BB79C8D826}.Debug|x86.ActiveCfg = Debug|Win32
		{12100DB3-5017-437D-964D-12BB79C8D826}.Debug|x86.Build.0 = Debug|Win32
		{12100DB3-5017-437D-964D-12BB79C8D826}.Release|x64.ActiveCfg = Release|x64
		{12100DB3-5017-437D-964D-12BB79C8D826}.Release|x64.Build.0 = Release|x64
		{12100DB3-5017-437D-964D-12BB79C8D826}.Release|x86.ActiveCfg = Release|Win32
		{12100DB3-5017-437D-964D-12BB79C8D826}.Release|x86.Build.0 = Release|Win32
		{4931AF6D-D557-4464-AC00-2AD3A4779BB9}.Debug|x64.ActiveCfg = Debug|x64
		{4931AF6D-D557-4464-AC00-2AD3A4779BB9}.Debug|x64.Build.0 = Debug|x64
		{4931AF6D-D557-4464-AC00-2AD3A4779BB9}.Debug|x86.ActiveCfg = Debug|Win32
		{4931AF6D-D557-4464-AC00-2AD3A4779BB9}.Debug|x86.Build.0 = Debug|Win32
		{4931AF6D-D557-4464-AC00-2AD3A4779BB9}.Release|x64.ActiveCfg = Release|x64
		{4931AF6D-D557-4464-AC00-2AD3A4779BB9}.Release|x64.Build.0 = Release|x64
		{4931AF6D-D557-4464-AC00-2AD3A4779BB9}.Release|x86.ActiveCfg = Release|Win32
		{4931AF6D-D557-4464-AC00-2AD3A4779BB9}.Release|x86.Build.0 = Release|Win32
		{FB238750-7F04-414E-A43C-A4304D253A6C}.Debug|x64.ActiveCfg = Debug|x64
		{FB238750-7F04-414E-A43C-A4304D253A6C}.Debug|x64.Build.0 = Debug|x64
		{FB238750-7F04-414E-A43C-A4304D253A6C}.Debug|x86.ActiveCfg = Debug|Win32
		{FB238750-7F04-414E-A43C-A4304D253A6C}.Debug|x86.Build.0 = Debug|Win32
		{FB238750-7F04-414E-A43C-A4304D253A6C}.Release|x64.ActiveCfg = Release|x64
		{FB238750-7F04-414E-A43C-A4304D253A6C}.Release|x64.Build.0 = Release|x64
		{FB238750-7F04-414E-A43C-A4304D253A6C}.Release|x86.ActiveCfg = Release|Win32
		{FB238750-7F04-414E-A43C-A4304D253A6C}.Release|x86.Build.0 = Release|Win32
		{67C90A69-D450-4869-AB6E-DAB802D14402}.Debug|x64.ActiveCfg = Debug|x64
		{67C90A69-D450-4869-AB6E-DAB802D14402}.Debug|x64.Build.0 = Debug|x64
		{67C90A69-D450-4869-AB6E-DAB802D14402}.Debug|x86.ActiveCfg = Debug|Win32
		{67C90A69-D450-4869-AB6E-DAB802D14402}.Debug|x86.Build.0 = Debug|Win32
		{67C90A69-D450-4869-AB6E-DAB802D14402}.Release|x64.ActiveCfg = Release|x64
		{67C90A69-D450-4869-AB6E-DAB802D14402}.Release|x64.Build.0 = Release|x64
		{67C90A69-D450-4869-AB6E-DAB802D14402}.Release|x86.ActiveCfg = Release|Win32
		{67C90A69-D450-4869-AB6E-DAB802D14402}.Release|x86.Build.0 = Release|Win32
	EndGlobalSection
	GlobalSection(SolutionProperties) = preSolution
		HideSolutionNode = FALSE
	EndGlobalSection
	GlobalSection(ExtensibilityGlobals) = postSolution
		SolutionGuid = {45C7E4E9-8C60-4AA0-99CC-8E0C6EED9246}
	EndGlobalSection
EndGlobal
